
Microsoft Visual Studio Solution File, Format Version 12.00
# Visual Studio Version 17
VisualStudioVersion = 17.5.002.0
MinimumVisualStudioVersion = 10.0.40219.1
Project("{9A19103F-16F7-4668-BE54-9A1E7A4F7556}") = "basics", "basics.csproj", "{801DC307-BC7B-41E8-9323-1BF8A3BACA48}"
EndProject
Global
	GlobalSection(SolutionConfigurationPlatforms) = preSolution
		Debug|Any CPU = Debug|Any CPU
		Release|Any CPU = Release|Any CPU
	EndGlobalSection
	GlobalSection(ProjectConfigurationPlatforms) = postSolution
		{801DC307-BC7B-41E8-9323-1BF8A3BACA48}.Debug|Any CPU.ActiveCfg = Debug|Any CPU
		{801DC307-BC7B-41E8-9323-1BF8A3BACA48}.Debug|Any CPU.Build.0 = Debug|Any CPU
		{801DC307-BC7B-41E8-9323-1BF8A3BACA48}.Release|Any CPU.ActiveCfg = Release|Any CPU
		{801DC307-BC7B-41E8-9323-1BF8A3BACA48}.Release|Any CPU.Build.0 = Release|Any CPU
	EndGlobalSection
	GlobalSection(SolutionProperties) = preSolution
		HideSolutionNode = FALSE
	EndGlobalSection
	GlobalSection(ExtensibilityGlobals) = postSolution
		SolutionGuid = {712D4A40-D401-4DFB-8E0E-DE35C3AA8A2E}
	EndGlobalSection
EndGlobal
